
Microsoft Visual Studio Solution File, Format Version 12.00
# Visual Studio Version 17
VisualStudioVersion = 17.3.32929.385
MinimumVisualStudioVersion = 10.0.40219.1
Project("{8BC9CEB8-8B4A-11D0-8D11-00A0C91BC942}") = "unique_ptr with your own hands", "..\unique_ptr with your own hands\unique_ptr with your own hands\unique_ptr with your own hands.vcxproj", "{2BD4D008-50A1-4537-86F3-DABDCEC76F03}"
EndProject
Global
	GlobalSection(SolutionConfigurationPlatforms) = preSolution
		Debug|x64 = Debug|x64
		Debug|x86 = Debug|x86
		Release|x64 = Release|x64
		Release|x86 = Release|x86
	EndGlobalSection
	GlobalSection(ProjectConfigurationPlatforms) = postSolution
		{2BD4D008-50A1-4537-86F3-DABDCEC76F03}.Debug|x64.ActiveCfg = Debug|x64
		{2BD4D008-50A1-4537-86F3-DABDCEC76F03}.Debug|x64.Build.0 = Debug|x64
		{2BD4D008-50A1-4537-86F3-DABDCEC76F03}.Debug|x86.ActiveCfg = Debug|Win32
		{2BD4D008-50A1-4537-86F3-DABDCEC76F03}.Debug|x86.Build.0 = Debug|Win32
		{2BD4D008-50A1-4537-86F3-DABDCEC76F03}.Release|x64.ActiveCfg = Release|x64
		{2BD4D008-50A1-4537-86F3-DABDCEC76F03}.Release|x64.Build.0 = Release|x64
		{2BD4D008-50A1-4537-86F3-DABDCEC76F03}.Release|x86.ActiveCfg = Release|Win32
		{2BD4D008-50A1-4537-86F3-DABDCEC76F03}.Release|x86.Build.0 = Release|Win32
	EndGlobalSection
	GlobalSection(SolutionProperties) = preSolution
		HideSolutionNode = FALSE
	EndGlobalSection
	GlobalSection(ExtensibilityGlobals) = postSolution
		SolutionGuid = {A3167431-31C3-4FB5-A415-CB3AA82E703C}
	EndGlobalSection
EndGlobal
